{
  "nodes": {
    "nixpkgs": {
      "locked": {
        "lastModified": 1672751307,
        "narHash": "sha256-oC9HKU8y50GDx+/mVvg3MJO/uevyFpBgVKR8/lujMPc=",
        "owner": "NixOS",
        "repo": "nixpkgs",
        "rev": "a72e226b04c008ccc499e9e19dcda9dae493a8c9",
        "type": "github"
      },
      "original": {
        "owner": "NixOS",
        "repo": "nixpkgs",
        "type": "github"
      }
    },
    "root": {
      "inputs": {
        "nixpkgs": "nixpkgs"
      }
    }
  },
  "root": "root",
  "version": 7
}
